
Microsoft Visual Studio Solution File, Format Version 12.00
# Visual Studio 15
VisualStudioVersion = 15.0.26730.16
MinimumVisualStudioVersion = 10.0.40219.1
Project("{FAE04EC0-301F-11D3-BF4B-00C04F79EFBC}") = "DemoApplication", "DemoApplication\DemoApplication.csproj", "{F1FBB062-313C-4018-A22F-65204FDD4FB0}"
EndProject
Global
	GlobalSection(SolutionConfigurationPlatforms) = preSolution
		Debug|Any CPU = Debug|Any CPU
		Release|Any CPU = Release|Any CPU
	EndGlobalSection
	GlobalSection(ProjectConfigurationPlatforms) = postSolution
		{F1FBB062-313C-4018-A22F-65204FDD4FB0}.Debug|Any CPU.ActiveCfg = Debug|Any CPU
		{F1FBB062-313C-4018-A22F-65204FDD4FB0}.Debug|Any CPU.Build.0 = Debug|Any CPU
		{F1FBB062-313C-4018-A22F-65204FDD4FB0}.Release|Any CPU.ActiveCfg = Release|Any CPU
		{F1FBB062-313C-4018-A22F-65204FDD4FB0}.Release|Any CPU.Build.0 = Release|Any CPU
	EndGlobalSection
	GlobalSection(SolutionProperties) = preSolution
		HideSolutionNode = FALSE
	EndGlobalSection
	GlobalSection(ExtensibilityGlobals) = postSolution
		SolutionGuid = {94F97393-D5C5-4B74-9C4D-89D9F6836371}
	EndGlobalSection
EndGlobal
